
Microsoft Visual Studio Solution File, Format Version 12.00
# Visual Studio 15
VisualStudioVersion = 15.0.28307.645
MinimumVisualStudioVersion = 10.0.40219.1
Project("{FAE04EC0-301F-11D3-BF4B-00C04F79EFBC}") = "EjemploEventos", "EjemploEventos\EjemploEventos.csproj", "{28CABEC2-9994-44A6-B466-3E316F7EAD88}"
EndProject
Global
	GlobalSection(SolutionConfigurationPlatforms) = preSolution
		Debug|Any CPU = Debug|Any CPU
		Release|Any CPU = Release|Any CPU
	EndGlobalSection
	GlobalSection(ProjectConfigurationPlatforms) = postSolution
		{28CABEC2-9994-44A6-B466-3E316F7EAD88}.Debug|Any CPU.ActiveCfg = Debug|Any CPU
		{28CABEC2-9994-44A6-B466-3E316F7EAD88}.Debug|Any CPU.Build.0 = Debug|Any CPU
		{28CABEC2-9994-44A6-B466-3E316F7EAD88}.Release|Any CPU.ActiveCfg = Release|Any CPU
		{28CABEC2-9994-44A6-B466-3E316F7EAD88}.Release|Any CPU.Build.0 = Release|Any CPU
	EndGlobalSection
	GlobalSection(SolutionProperties) = preSolution
		HideSolutionNode = FALSE
	EndGlobalSection
	GlobalSection(ExtensibilityGlobals) = postSolution
		SolutionGuid = {14FF04D8-8061-4DD5-9506-C7F661280A32}
	EndGlobalSection
EndGlobal
